
Microsoft Visual Studio Solution File, Format Version 11.00
# Visual Studio 2010
Project("{FAE04EC0-301F-11D3-BF4B-00C04F79EFBC}") = "Obstacle Dodger Game", "Assembly-CSharp-firstpass.csproj", "{1A168126-9E55-0275-19CE-52E6C63135EB}"
EndProject
Project("{FAE04EC0-301F-11D3-BF4B-00C04F79EFBC}") = "Obstacle Dodger Game", "Assembly-CSharp.csproj", "{B1FFE55E-3AB1-2DDF-EA1B-680DE2797E1C}"
EndProject
Global
	GlobalSection(SolutionConfigurationPlatforms) = preSolution
		Debug|Any CPU = Debug|Any CPU
		Release|Any CPU = Release|Any CPU
	EndGlobalSection
	GlobalSection(ProjectConfigurationPlatforms) = postSolution
		{1A168126-9E55-0275-19CE-52E6C63135EB}.Debug|Any CPU.ActiveCfg = Debug|Any CPU
		{1A168126-9E55-0275-19CE-52E6C63135EB}.Debug|Any CPU.Build.0 = Debug|Any CPU
		{1A168126-9E55-0275-19CE-52E6C63135EB}.Release|Any CPU.ActiveCfg = Release|Any CPU
		{1A168126-9E55-0275-19CE-52E6C63135EB}.Release|Any CPU.Build.0 = Release|Any CPU
		{B1FFE55E-3AB1-2DDF-EA1B-680DE2797E1C}.Debug|Any CPU.ActiveCfg = Debug|Any CPU
		{B1FFE55E-3AB1-2DDF-EA1B-680DE2797E1C}.Debug|Any CPU.Build.0 = Debug|Any CPU
		{B1FFE55E-3AB1-2DDF-EA1B-680DE2797E1C}.Release|Any CPU.ActiveCfg = Release|Any CPU
		{B1FFE55E-3AB1-2DDF-EA1B-680DE2797E1C}.Release|Any CPU.Build.0 = Release|Any CPU
	EndGlobalSection
	GlobalSection(SolutionProperties) = preSolution
		HideSolutionNode = FALSE
	EndGlobalSection
	GlobalSection(MonoDevelopProperties) = preSolution
		StartupItem = Assembly-CSharp.csproj
	EndGlobalSection
EndGlobal
