
Microsoft Visual Studio Solution File, Format Version 12.00
# Visual Studio 15
Project("{FAE04EC0-301F-11D3-BF4B-00C04F79EFBC}") = "Assembly-CSharp-firstpass", "Assembly-CSharp-firstpass.csproj", "{0A581A56-A628-F1C9-837E-2E57DE8AB71A}"
EndProject
Project("{FAE04EC0-301F-11D3-BF4B-00C04F79EFBC}") = "Assembly-CSharp", "Assembly-CSharp.csproj", "{FBC8E62F-80B5-0F35-025F-222C320FD7DD}"
EndProject
Global
	GlobalSection(SolutionConfigurationPlatforms) = preSolution
		Debug|Any CPU = Debug|Any CPU
		Release|Any CPU = Release|Any CPU
	EndGlobalSection
	GlobalSection(ProjectConfigurationPlatforms) = postSolution
		{0A581A56-A628-F1C9-837E-2E57DE8AB71A}.Debug|Any CPU.ActiveCfg = Debug|Any CPU
		{0A581A56-A628-F1C9-837E-2E57DE8AB71A}.Debug|Any CPU.Build.0 = Debug|Any CPU
		{0A581A56-A628-F1C9-837E-2E57DE8AB71A}.Release|Any CPU.ActiveCfg = Release|Any CPU
		{0A581A56-A628-F1C9-837E-2E57DE8AB71A}.Release|Any CPU.Build.0 = Release|Any CPU
		{FBC8E62F-80B5-0F35-025F-222C320FD7DD}.Debug|Any CPU.ActiveCfg = Debug|Any CPU
		{FBC8E62F-80B5-0F35-025F-222C320FD7DD}.Debug|Any CPU.Build.0 = Debug|Any CPU
		{FBC8E62F-80B5-0F35-025F-222C320FD7DD}.Release|Any CPU.ActiveCfg = Release|Any CPU
		{FBC8E62F-80B5-0F35-025F-222C320FD7DD}.Release|Any CPU.Build.0 = Release|Any CPU
	EndGlobalSection
	GlobalSection(SolutionProperties) = preSolution
		HideSolutionNode = FALSE
	EndGlobalSection
EndGlobal
